
Microsoft Visual Studio Solution File, Format Version 12.00
# Visual Studio 15
VisualStudioVersion = 15.0.28307.572
MinimumVisualStudioVersion = 10.0.40219.1
Project("{FAE04EC0-301F-11D3-BF4B-00C04F79EFBC}") = "PopularPizzaToppings", "PopularPizzaToppings\PopularPizzaToppings.csproj", "{040464F2-6F89-4D2A-9F7D-AC115579C24D}"
EndProject
Global
	GlobalSection(SolutionConfigurationPlatforms) = preSolution
		Debug|Any CPU = Debug|Any CPU
		Release|Any CPU = Release|Any CPU
	EndGlobalSection
	GlobalSection(ProjectConfigurationPlatforms) = postSolution
		{040464F2-6F89-4D2A-9F7D-AC115579C24D}.Debug|Any CPU.ActiveCfg = Debug|Any CPU
		{040464F2-6F89-4D2A-9F7D-AC115579C24D}.Debug|Any CPU.Build.0 = Debug|Any CPU
		{040464F2-6F89-4D2A-9F7D-AC115579C24D}.Release|Any CPU.ActiveCfg = Release|Any CPU
		{040464F2-6F89-4D2A-9F7D-AC115579C24D}.Release|Any CPU.Build.0 = Release|Any CPU
	EndGlobalSection
	GlobalSection(SolutionProperties) = preSolution
		HideSolutionNode = FALSE
	EndGlobalSection
	GlobalSection(ExtensibilityGlobals) = postSolution
		SolutionGuid = {5B1DE80B-8058-4A2E-B560-E6F3D826217C}
	EndGlobalSection
EndGlobal
